<?xml version="1.0" encoding="utf-8"?>
<Project ToolsVersion="4.0" xmlns="http://schemas.microsoft.com/developer/msbuild/2003">
  <ItemGroup>
    <Filter Include="Source Files">
      <UniqueIdentifier>{4FC737F1-C7A5-4376-A066-2A32D752A2FF}</UniqueIdentifier>
      <Extensions>cpp;c;cc;cxx;def;odl;idl;hpj;bat;asm;asmx</Extensions>
    </Filter>
    <Filter Include="Header Files">
      <UniqueIdentifier>{93995380-89BD-4b04-88EB-625FBE52EBFB}</UniqueIdentifier>
      <Extensions>h;hh;hpp;hxx;hm;inl;inc;ipp;xsd</Extensions>
    </Filter>
    <Filter Include="Resource Files">
      <UniqueIdentifier>{67DA6AB6-F800-4c08-8B7A-83BB121AAD01}</UniqueIdentifier>
      <Extensions>rc;ico;cur;bmp;dlg;rc2;rct;bin;rgs;gif;jpg;jpeg;jpe;resx;tiff;tif;png;wav;mfcribbon-ms</Extensions>
    </Filter>
    <Filter Include="Menu">
      <UniqueIdentifier>{4ce66102-159a-4fb0-8be1-f789cf74b8d2}</UniqueIdentifier>
    </Filter>
    <Filter Include="Levels">
      <UniqueIdentifier>{6fe44d10-3884-4078-84a4-f5f2d25ccf4b}</UniqueIdentifier>
    </Filter>
    <Filter Include="Player">
      <UniqueIdentifier>{51557332-55be-45fa-aa56-7e91efadd1bb}</UniqueIdentifier>
    </Filter>
    <Filter Include="Gameplay">
      <UniqueIdentifier>{7de5e1c8-4a25-47f9-956b-4db2edcda3eb}</UniqueIdentifier>
    </Filter>
    <Filter Include="Test">
      <UniqueIdentifier>{cb056d9d-f7f5-43b2-9bf0-d1de8093887c}</UniqueIdentifier>
    </Filter>
    <Filter Include="Networking">
      <UniqueIdentifier>{43134b64-0529-47b3-8ae2-551f8ab02e4c}</UniqueIdentifier>
    </Filter>
    <Filter Include="Enemy">
      <UniqueIdentifier>{9de491cb-260e-491d-81f0-b4e5248418c9}</UniqueIdentifier>
    </Filter>
  </ItemGroup>
  <ItemGroup>
    <ClCompile Include="game.cpp">
      <Filter>Source Files</Filter>
    </ClCompile>
    <ClCompile Include="Levels\MenuLevel.cpp">
      <Filter>Levels</Filter>
    </ClCompile>
    <ClCompile Include="Menu\MainMenu.cpp">
      <Filter>Menu</Filter>
    </ClCompile>
    <ClCompile Include="Menu\MainMenuDraw.cpp">
      <Filter>Menu</Filter>
    </ClCompile>
    <ClCompile Include="Levels\SinglePlayerLevel.cpp">
      <Filter>Levels</Filter>
    </ClCompile>
    <ClCompile Include="Player\PlayerController.cpp">
      <Filter>Player</Filter>
    </ClCompile>
    <ClCompile Include="Player\PlayerHealth.cpp">
      <Filter>Player</Filter>
    </ClCompile>
    <ClCompile Include="Gameplay\Damageable.cpp">
      <Filter>Gameplay</Filter>
    </ClCompile>
    <ClCompile Include="Gameplay\Score.cpp">
      <Filter>Gameplay</Filter>
    </ClCompile>
    <ClCompile Include="Gameplay\Hitscan.cpp">
      <Filter>Gameplay</Filter>
    </ClCompile>
    <ClCompile Include="Levels\HitscanTestLevel.cpp">
      <Filter>Levels</Filter>
    </ClCompile>
    <ClCompile Include="Test\HitscanTest.cpp">
      <Filter>Test</Filter>
    </ClCompile>
    <ClCompile Include="Gameplay\GameManager.cpp">
      <Filter>Gameplay</Filter>
    </ClCompile>
    <ClCompile Include="Levels\Level1.cpp">
      <Filter>Levels</Filter>
    </ClCompile>
    <ClCompile Include="Test\NetworkTestComp.cpp">
      <Filter>Test</Filter>
    </ClCompile>
    <ClCompile Include="Levels\MessageTestLevel.cpp">
      <Filter>Levels</Filter>
    </ClCompile>
    <ClCompile Include="Test\MessageTestComponent.cpp">
      <Filter>Test</Filter>
    </ClCompile>
    <ClCompile Include="Gameplay\EntityFactory.cpp">
      <Filter>Gameplay</Filter>
    </ClCompile>
    <ClCompile Include="IsettaEngine.cpp">
      <Filter>Source Files</Filter>
    </ClCompile>
    <ClCompile Include="Player\CameraController.cpp">
      <Filter>Player</Filter>
    </ClCompile>
    <ClCompile Include="Levels\Level1Map.cpp">
      <Filter>Levels</Filter>
    </ClCompile>
    <ClCompile Include="TestComponent.cpp">
      <Filter>Test</Filter>
    </ClCompile>
    <ClCompile Include="Gameplay\BulletManager.cpp">
      <Filter>Gameplay</Filter>
    </ClCompile>
    <ClCompile Include="Gameplay\Bullet.cpp">
      <Filter>Gameplay</Filter>
    </ClCompile>
    <ClCompile Include="Enemy\EnemyManager.cpp">
      <Filter>Enemy</Filter>
    </ClCompile>
    <ClCompile Include="Enemy\Enemy.cpp">
      <Filter>Enemy</Filter>
    </ClCompile>
  </ItemGroup>
  <ItemGroup>
    <ClInclude Include="Levels\MenuLevel.h">
      <Filter>Levels</Filter>
    </ClInclude>
    <ClInclude Include="Menu\MainMenu.h">
      <Filter>Menu</Filter>
    </ClInclude>
    <ClInclude Include="Menu\MainMenuDraw.h">
      <Filter>Menu</Filter>
    </ClInclude>
    <ClInclude Include="Menu\ColorScheme.h">
      <Filter>Menu</Filter>
    </ClInclude>
    <ClInclude Include="Levels\SinglePlayerLevel.h">
      <Filter>Levels</Filter>
    </ClInclude>
    <ClInclude Include="Player\PlayerController.h">
      <Filter>Player</Filter>
    </ClInclude>
    <ClInclude Include="Player\PlayerHealth.h">
      <Filter>Player</Filter>
    </ClInclude>
    <ClInclude Include="Gameplay\Damageable.h">
      <Filter>Gameplay</Filter>
    </ClInclude>
    <ClInclude Include="Gameplay\Score.h">
      <Filter>Gameplay</Filter>
    </ClInclude>
    <ClInclude Include="Gameplay\Hitscan.h">
      <Filter>Gameplay</Filter>
    </ClInclude>
    <ClInclude Include="Levels\HitscanTestLevel.h">
      <Filter>Levels</Filter>
    </ClInclude>
    <ClInclude Include="Test\HitscanTest.h">
      <Filter>Test</Filter>
    </ClInclude>
    <ClInclude Include="Consts.h">
      <Filter>Header Files</Filter>
    </ClInclude>
    <ClInclude Include="Gameplay\GameManager.h">
      <Filter>Gameplay</Filter>
    </ClInclude>
    <ClInclude Include="Levels\Level1.h">
      <Filter>Levels</Filter>
    </ClInclude>
    <ClInclude Include="Test\NetworkTestComp.h">
      <Filter>Test</Filter>
    </ClInclude>
    <ClInclude Include="Levels\MessageTestLevel.h">
      <Filter>Levels</Filter>
    </ClInclude>
    <ClInclude Include="Test\MessageTestComponent.h">
      <Filter>Test</Filter>
    </ClInclude>
    <ClInclude Include="Gameplay\EntityFactory.h">
      <Filter>Gameplay</Filter>
    </ClInclude>
    <ClInclude Include="Networking\NetworkMessages.h">
      <Filter>Networking</Filter>
    </ClInclude>
    <ClInclude Include="IsettaEngine.h">
      <Filter>Header Files</Filter>
    </ClInclude>
    <ClInclude Include="Player\CameraController.h">
      <Filter>Player</Filter>
    </ClInclude>
    <ClInclude Include="Levels\Level1Map.h">
      <Filter>Levels</Filter>
    </ClInclude>
    <ClInclude Include="TestComponent.h">
      <Filter>Test</Filter>
    </ClInclude>
    <ClInclude Include="Gameplay\BulletManager.h">
      <Filter>Gameplay</Filter>
    </ClInclude>
    <ClInclude Include="Gameplay\Bullet.h">
      <Filter>Gameplay</Filter>
    </ClInclude>
    <ClInclude Include="Enemy\EnemyManager.h">
      <Filter>Enemy</Filter>
    </ClInclude>
    <ClInclude Include="Enemy\Enemy.h">
      <Filter>Enemy</Filter>
    </ClInclude>
  </ItemGroup>
  <ItemGroup>
    <CustomBuild Include="user.cfg" />
    <CustomBuild Include="*.cfg;" />
    <CustomBuild Include="**/*.cfg;**/*.geo;**/*.xml" />
    <CustomBuild Include="**/*.cfg;**/*.geo;**/*.xml" />
    <CustomBuild Include="**/*.cfg;**/*.geo;**/*.xml" />
    <CustomBuild Include="**/*.cfg;**/*.geo;**/*.xml" />
    <CustomBuild Include="**/*.cfg;**/*.geo;**/*.xml" />
    <CustomBuild Include="**/*.cfg;**/*.geo;**/*.xml" />
    <CustomBuild Include="**/*.cfg;**/*.geo;**/*.xml" />
    <CustomBuild Include="**/*.cfg;**/*.geo;**/*.xml" />
    <CustomBuild Include="**/*.cfg;**/*.geo;**/*.xml" />
    <CustomBuild Include="**/*.cfg;**/*.geo;**/*.xml" />
    <CustomBuild Include="**/*.cfg;**/*.geo;**/*.xml" />
    <CustomBuild Include="**/*.cfg;**/*.geo;**/*.xml" />
    <CustomBuild Include="**/*.cfg;**/*.geo;**/*.xml" />
    <CustomBuild Include="**/*.cfg;**/*.geo;**/*.xml" />
    <CustomBuild Include="**/*.cfg;**/*.geo;**/*.xml" />
    <CustomBuild Include="**/*.cfg;**/*.geo;**/*.xml" />
    <CustomBuild Include="**/*.cfg;**/*.geo;**/*.xml" />
    <CustomBuild Include="**/*.cfg;**/*.geo;**/*.xml" />
    <CustomBuild Include="**/*.cfg;**/*.geo;**/*.xml" />
    <CustomBuild Include="**/*.cfg;**/*.geo;**/*.xml" />
    <CustomBuild Include="**/*.cfg;**/*.geo;**/*.xml" />
    <CustomBuild Include="**/*.cfg;**/*.geo;**/*.xml" />
    <CustomBuild Include="**/*.cfg;**/*.geo;**/*.xml" />
    <CustomBuild Include="**/*.cfg;**/*.geo;**/*.xml" />
    <CustomBuild Include="**/*.cfg;**/*.geo;**/*.xml" />
    <CustomBuild Include="**/*.cfg;**/*.geo;**/*.xml" />
    <CustomBuild Include="**/*.cfg;**/*.geo;**/*.xml" />
    <CustomBuild Include="**/*.cfg;**/*.geo;**/*.xml" />
    <CustomBuild Include="**/*.cfg;**/*.geo;**/*.xml" />
    <CustomBuild Include="**/*.cfg;**/*.geo;**/*.xml" />
    <CustomBuild Include="**/*.cfg;**/*.geo;**/*.xml" />
    <CustomBuild Include="**/*.cfg;**/*.geo;**/*.xml" />
    <CustomBuild Include="**/*.cfg;**/*.geo;**/*.xml" />
    <CustomBuild Include="**/*.cfg;**/*.geo;**/*.xml" />
    <CustomBuild Include="**/*.cfg;**/*.geo;**/*.xml" />
    <CustomBuild Include="**/*.cfg;**/*.geo;**/*.xml" />
    <CustomBuild Include="**/*.cfg;**/*.geo;**/*.xml" />
    <CustomBuild Include="**/*.cfg;**/*.geo;**/*.xml" />
    <CustomBuild Include="**/*.cfg;**/*.geo;**/*.xml" />
    <CustomBuild Include="**/*.cfg;**/*.geo;**/*.xml" />
    <CustomBuild Include="**/*.cfg;**/*.geo;**/*.xml" />
    <CustomBuild Include="**/*.cfg;**/*.geo;**/*.xml" />
    <CustomBuild Include="**/*.cfg;**/*.geo;**/*.xml" />
    <CustomBuild Include="**/*.cfg;**/*.geo;**/*.xml" />
    <CustomBuild Include="**/*.cfg;**/*.geo;**/*.xml" />
    <CustomBuild Include="**/*.cfg;**/*.geo;**/*.xml" />
    <CustomBuild Include="**/*.cfg;**/*.geo;**/*.xml" />
    <CustomBuild Include="**/*.cfg;**/*.geo;**/*.xml" />
    <CustomBuild Include="**/*.cfg;**/*.geo;**/*.xml" />
    <CustomBuild Include="**/*.cfg;**/*.geo;**/*.xml" />
    <CustomBuild Include="**/*.cfg;**/*.geo;**/*.xml" />
    <CustomBuild Include="**/*.cfg;**/*.geo;**/*.xml" />
    <CustomBuild Include="**/*.cfg;**/*.geo;**/*.xml" />
    <CustomBuild Include="**/*.cfg;**/*.geo;**/*.xml" />
    <CustomBuild Include="**/*.cfg;**/*.geo;**/*.xml" />
    <CustomBuild Include="**/*.cfg;**/*.geo;**/*.xml" />
    <CustomBuild Include="**/*.cfg;**/*.geo;**/*.xml" />
    <CustomBuild Include="**/*.cfg;**/*.geo;**/*.xml" />
    <CustomBuild Include="**/*.cfg;**/*.geo;**/*.xml" />
    <CustomBuild Include="**/*.cfg;**/*.geo;**/*.xml" />
    <CustomBuild Include="**/*.cfg;**/*.geo;**/*.xml" />
    <CustomBuild Include="**/*.cfg;**/*.geo;**/*.xml" />
    <CustomBuild Include="**/*.cfg;**/*.geo;**/*.xml" />
    <CustomBuild Include="**/*.cfg;**/*.geo;**/*.xml" />
    <CustomBuild Include="**/*.cfg;**/*.geo;**/*.xml" />
    <CustomBuild Include="**/*.cfg;**/*.geo;**/*.xml" />
    <CustomBuild Include="**/*.cfg;**/*.geo;**/*.xml" />
    <CustomBuild Include="**/*.cfg;**/*.geo;**/*.xml" />
    <CustomBuild Include="**/*.cfg;**/*.geo;**/*.xml" />
    <CustomBuild Include="**/*.cfg;**/*.geo;**/*.xml" />
    <CustomBuild Include="**/*.cfg;**/*.geo;**/*.xml" />
    <CustomBuild Include="**/*.cfg;**/*.geo;**/*.xml" />
    <CustomBuild Include="**/*.cfg;**/*.geo;**/*.xml" />
  </ItemGroup>
</Project>